{
  "name": "videostream",
  "version": "1.0.0",
  "lockfileVersion": 1,
  "requires": true,
  "dependencies": {
    "mp4frag": {
      "version": "0.6.1",
      "resolved": "https://registry.npmjs.org/mp4frag/-/mp4frag-0.6.1.tgz",
      "integrity": "sha512-x2xVwVZqT+P1dmGLpBStS6Op6oownx2Q/6qh5ov3hOIH4rTNab0p6Gi/l+EliG0FKW9R6jA2eGr0vnHvJVMT9w=="
    },
    "ws": {
      "version": "8.14.2",
      "resolved": "https://registry.npmjs.org/ws/-/ws-8.14.2.tgz",
      "integrity": "sha512-wEBG1ftX4jcglPxgFCMJmZ2PLtSbJ2Peg6TmpJFTbe9GZYOQCDPdMYu/Tm0/bGZkw8paZnJY45J4K2PZrLYq8g=="
    }
  }
}
